
Microsoft Visual Studio Solution File, Format Version 12.00
# Visual Studio Version 16
VisualStudioVersion = 16.0.31729.503
MinimumVisualStudioVersion = 10.0.40219.1
Project("{FAE04EC0-301F-11D3-BF4B-00C04F79EFBC}") = "WebApplication2", "WebApplication2.csproj", "{6EB67110-B300-45E1-BDF3-939B88427702}"
EndProject
Global
	GlobalSection(SolutionConfigurationPlatforms) = preSolution
		Debug|Any CPU = Debug|Any CPU
		Release|Any CPU = Release|Any CPU
	EndGlobalSection
	GlobalSection(ProjectConfigurationPlatforms) = postSolution
		{6EB67110-B300-45E1-BDF3-939B88427702}.Debug|Any CPU.ActiveCfg = Debug|Any CPU
		{6EB67110-B300-45E1-BDF3-939B88427702}.Debug|Any CPU.Build.0 = Debug|Any CPU
		{6EB67110-B300-45E1-BDF3-939B88427702}.Release|Any CPU.ActiveCfg = Release|Any CPU
		{6EB67110-B300-45E1-BDF3-939B88427702}.Release|Any CPU.Build.0 = Release|Any CPU
	EndGlobalSection
	GlobalSection(SolutionProperties) = preSolution
		HideSolutionNode = FALSE
	EndGlobalSection
	GlobalSection(ExtensibilityGlobals) = postSolution
		SolutionGuid = {D10E5ECE-A877-44A0-B9C7-97E22D9AF2D2}
	EndGlobalSection
EndGlobal
